// !$*UTF8*$!
{
	archiveVersion = 1;
	classes = {
	};
	objectVersion = 46;
	objects = {

/* Begin PBXBuildFile section */
		2289DD311CB401AF00F58D8E /* SettingsViewController.m in Sources */ = {isa = PBXBuildFile; fileRef = 2289DD301CB401AF00F58D8E /* SettingsViewController.m */; };
		292BACC52190D49700ADB3B5 /* QBVideoIconView.m in Sources */ = {isa = PBXBuildFile; fileRef = 294D7A551F9D016400D93C37 /* QBVideoIconView.m */; };
		292BACC62190D49700ADB3B5 /* QBVideoIndicatorView.m in Sources */ = {isa = PBXBuildFile; fileRef = 294D7A561F9D016400D93C37 /* QBVideoIndicatorView.m */; };
		292BACC72190D49700ADB3B5 /* QBItemCell.m in Sources */ = {isa = PBXBuildFile; fileRef = 294D7A581F9D016400D93C37 /* QBItemCell.m */; };
		292BACC82190D49700ADB3B5 /* QBAlbumCell.m in Sources */ = {isa = PBXBuildFile; fileRef = 294D7A5B1F9D016400D93C37 /* QBAlbumCell.m */; };
		292BACC92190D49700ADB3B5 /* QBAlbumsViewController.m in Sources */ = {isa = PBXBuildFile; fileRef = 294D7A5D1F9D016400D93C37 /* QBAlbumsViewController.m */; };
		292BACCA2190D49700ADB3B5 /* QBAssetsViewController.m in Sources */ = {isa = PBXBuildFile; fileRef = 294D7A5F1F9D016400D93C37 /* QBAssetsViewController.m */; };
		292BACCB2190D49700ADB3B5 /* QBImagePickerController.m in Sources */ = {isa = PBXBuildFile; fileRef = 294D7A601F9D016400D93C37 /* QBImagePickerController.m */; };
		292BACCC2190D49700ADB3B5 /* QBItemViewController.m in Sources */ = {isa = PBXBuildFile; fileRef = 294D7A611F9D016400D93C37 /* QBItemViewController.m */; };
		292BACCD2190D49700ADB3B5 /* QBCheckmarkView.m in Sources */ = {isa = PBXBuildFile; fileRef = 294D7A631F9D016400D93C37 /* QBCheckmarkView.m */; };
		292BACCE2190D49700ADB3B5 /* QBSlomoIconView.m in Sources */ = {isa = PBXBuildFile; fileRef = 294D7A661F9D016400D93C37 /* QBSlomoIconView.m */; };
		298E902C1E8B2D9300C71777 /* libFujifilm_SPA_SDK_iOS.a in Frameworks */ = {isa = PBXBuildFile; fileRef = 298E902B1E8B2D9300C71777 /* libFujifilm_SPA_SDK_iOS.a */; };
		29F5EB021C4BEEC800067F84 /* main.m in Sources */ = {isa = PBXBuildFile; fileRef = 29F5EB011C4BEEC800067F84 /* main.m */; };
		29F5EB051C4BEEC800067F84 /* AppDelegate.m in Sources */ = {isa = PBXBuildFile; fileRef = 29F5EB041C4BEEC800067F84 /* AppDelegate.m */; };
		29F5EB081C4BEEC800067F84 /* ViewController.m in Sources */ = {isa = PBXBuildFile; fileRef = 29F5EB071C4BEEC800067F84 /* ViewController.m */; };
		29F5EB0B1C4BEEC800067F84 /* Main.storyboard in Resources */ = {isa = PBXBuildFile; fileRef = 29F5EB091C4BEEC800067F84 /* Main.storyboard */; };
		29F5EB0D1C4BEEC800067F84 /* Assets.xcassets in Resources */ = {isa = PBXBuildFile; fileRef = 29F5EB0C1C4BEEC800067F84 /* Assets.xcassets */; };
		29F5EB101C4BEEC800067F84 /* LaunchScreen.storyboard in Resources */ = {isa = PBXBuildFile; fileRef = 29F5EB0E1C4BEEC800067F84 /* LaunchScreen.storyboard */; };
		29F5EC3F1C4C0ECE00067F84 /* Photos.framework in Frameworks */ = {isa = PBXBuildFile; fileRef = 29F5EC3E1C4C0ECE00067F84 /* Photos.framework */; };
		29F5EC411C4C0F0E00067F84 /* ImageIO.framework in Frameworks */ = {isa = PBXBuildFile; fileRef = 29F5EC401C4C0F0E00067F84 /* ImageIO.framework */; };
		29F5EC431C4C0F1700067F84 /* CoreGraphics.framework in Frameworks */ = {isa = PBXBuildFile; fileRef = 29F5EC421C4C0F1700067F84 /* CoreGraphics.framework */; };
		29F5EC451C4C0F3800067F84 /* QuartzCore.framework in Frameworks */ = {isa = PBXBuildFile; fileRef = 29F5EC441C4C0F3800067F84 /* QuartzCore.framework */; };
		29F5EC481C4C0F4300067F84 /* AddressBook.framework in Frameworks */ = {isa = PBXBuildFile; fileRef = 29F5EC461C4C0F4300067F84 /* AddressBook.framework */; };
		29F5EC491C4C0F4300067F84 /* AddressBookUI.framework in Frameworks */ = {isa = PBXBuildFile; fileRef = 29F5EC471C4C0F4300067F84 /* AddressBookUI.framework */; };
		29F5EC4B1C4C0F5000067F84 /* AssetsLibrary.framework in Frameworks */ = {isa = PBXBuildFile; fileRef = 29F5EC4A1C4C0F5000067F84 /* AssetsLibrary.framework */; };
		29F5EC4D1C4C0F8000067F84 /* MobileCoreServices.framework in Frameworks */ = {isa = PBXBuildFile; fileRef = 29F5EC4C1C4C0F8000067F84 /* MobileCoreServices.framework */; };
		29F5EC4F1C4C0F8D00067F84 /* SystemConfiguration.framework in Frameworks */ = {isa = PBXBuildFile; fileRef = 29F5EC4E1C4C0F8D00067F84 /* SystemConfiguration.framework */; };
		29F5EC511C4C0F9500067F84 /* UIKit.framework in Frameworks */ = {isa = PBXBuildFile; fileRef = 29F5EC501C4C0F9500067F84 /* UIKit.framework */; };
		29F5EC531C4C0F9C00067F84 /* Foundation.framework in Frameworks */ = {isa = PBXBuildFile; fileRef = 29F5EC521C4C0F9C00067F84 /* Foundation.framework */; };
		4CF45CD31E7996A90083734F /* Accelerate.framework in Frameworks */ = {isa = PBXBuildFile; fileRef = 4CF45CCF1E7996A90083734F /* Accelerate.framework */; };
		4CF45CD41E7996A90083734F /* AudioToolbox.framework in Frameworks */ = {isa = PBXBuildFile; fileRef = 4CF45CD01E7996A90083734F /* AudioToolbox.framework */; };
		4CF45CD51E7996A90083734F /* AVFoundation.framework in Frameworks */ = {isa = PBXBuildFile; fileRef = 4CF45CD11E7996A90083734F /* AVFoundation.framework */; };
		4CF45CD61E7996A90083734F /* CoreMedia.framework in Frameworks */ = {isa = PBXBuildFile; fileRef = 4CF45CD21E7996A90083734F /* CoreMedia.framework */; };
/* End PBXBuildFile section */

/* Begin PBXCopyFilesBuildPhase section */
		BA3D603D1F69B5AF00E12CBE /* Embed Frameworks */ = {
			isa = PBXCopyFilesBuildPhase;
			buildActionMask = 2147483647;
			dstPath = "";
			dstSubfolderSpec = 10;
			files = (
			);
			name = "Embed Frameworks";
			runOnlyForDeploymentPostprocessing = 0;
		};
/* End PBXCopyFilesBuildPhase section */

/* Begin PBXFileReference section */
		2289DD2F1CB401AF00F58D8E /* SettingsViewController.h */ = {isa = PBXFileReference; fileEncoding = 4; lastKnownFileType = sourcecode.c.h; path = SettingsViewController.h; sourceTree = "<group>"; };
		2289DD301CB401AF00F58D8E /* SettingsViewController.m */ = {isa = PBXFileReference; fileEncoding = 4; lastKnownFileType = sourcecode.c.objc; path = SettingsViewController.m; sourceTree = "<group>"; };
		294D7A3C1F9D016400D93C37 /* QBImagePickerDemoTests.m */ = {isa = PBXFileReference; lastKnownFileType = sourcecode.c.objc; path = QBImagePickerDemoTests.m; sourceTree = "<group>"; };
		294D7A3D1F9D016400D93C37 /* Info.plist */ = {isa = PBXFileReference; lastKnownFileType = text.plist.xml; path = Info.plist; sourceTree = "<group>"; };
		294D7A3E1F9D016400D93C37 /* README.md */ = {isa = PBXFileReference; lastKnownFileType = net.daringfireball.markdown; path = README.md; sourceTree = "<group>"; };
		294D7A3F1F9D016400D93C37 /* OHQBImagePicker.podspec */ = {isa = PBXFileReference; lastKnownFileType = text; path = OHQBImagePicker.podspec; sourceTree = "<group>"; };
		294D7A411F9D016400D93C37 /* AppDelegate.h */ = {isa = PBXFileReference; lastKnownFileType = sourcecode.c.h; path = AppDelegate.h; sourceTree = "<group>"; };
		294D7A421F9D016400D93C37 /* ViewController.m */ = {isa = PBXFileReference; lastKnownFileType = sourcecode.c.objc; path = ViewController.m; sourceTree = "<group>"; };
		294D7A441F9D016400D93C37 /* Base */ = {isa = PBXFileReference; lastKnownFileType = file.xib; name = Base; path = Base.lproj/LaunchScreen.xib; sourceTree = "<group>"; };
		294D7A461F9D016400D93C37 /* Base */ = {isa = PBXFileReference; lastKnownFileType = file.storyboard; name = Base; path = Base.lproj/Main.storyboard; sourceTree = "<group>"; };
		294D7A471F9D016400D93C37 /* main.m */ = {isa = PBXFileReference; lastKnownFileType = sourcecode.c.objc; path = main.m; sourceTree = "<group>"; };
		294D7A481F9D016400D93C37 /* Images.xcassets */ = {isa = PBXFileReference; lastKnownFileType = folder.assetcatalog; path = Images.xcassets; sourceTree = "<group>"; };
		294D7A491F9D016400D93C37 /* AppDelegate.m */ = {isa = PBXFileReference; lastKnownFileType = sourcecode.c.objc; path = AppDelegate.m; sourceTree = "<group>"; };
		294D7A4A1F9D016400D93C37 /* Info.plist */ = {isa = PBXFileReference; lastKnownFileType = text.plist.xml; path = Info.plist; sourceTree = "<group>"; };
		294D7A4B1F9D016400D93C37 /* ViewController.h */ = {isa = PBXFileReference; lastKnownFileType = sourcecode.c.h; path = ViewController.h; sourceTree = "<group>"; };
		294D7A4C1F9D016400D93C37 /* LICENSE */ = {isa = PBXFileReference; lastKnownFileType = text; path = LICENSE; sourceTree = "<group>"; };
		294D7A4E1F9D016400D93C37 /* lib_OHQBImagePicker.h */ = {isa = PBXFileReference; lastKnownFileType = sourcecode.c.h; path = lib_OHQBImagePicker.h; sourceTree = "<group>"; };
		294D7A4F1F9D016400D93C37 /* lib_OHQBImagePicker.m */ = {isa = PBXFileReference; lastKnownFileType = sourcecode.c.objc; path = lib_OHQBImagePicker.m; sourceTree = "<group>"; };
		294D7A511F9D016400D93C37 /* QBItemViewController.h */ = {isa = PBXFileReference; lastKnownFileType = sourcecode.c.h; path = QBItemViewController.h; sourceTree = "<group>"; };
		294D7A521F9D016400D93C37 /* QBImagePickerController.h */ = {isa = PBXFileReference; lastKnownFileType = sourcecode.c.h; path = QBImagePickerController.h; sourceTree = "<group>"; };
		294D7A531F9D016400D93C37 /* QBAssetsViewController.h */ = {isa = PBXFileReference; lastKnownFileType = sourcecode.c.h; path = QBAssetsViewController.h; sourceTree = "<group>"; };
		294D7A541F9D016400D93C37 /* QBAlbumsViewController.h */ = {isa = PBXFileReference; lastKnownFileType = sourcecode.c.h; path = QBAlbumsViewController.h; sourceTree = "<group>"; };
		294D7A551F9D016400D93C37 /* QBVideoIconView.m */ = {isa = PBXFileReference; lastKnownFileType = sourcecode.c.objc; path = QBVideoIconView.m; sourceTree = "<group>"; };
		294D7A561F9D016400D93C37 /* QBVideoIndicatorView.m */ = {isa = PBXFileReference; lastKnownFileType = sourcecode.c.objc; path = QBVideoIndicatorView.m; sourceTree = "<group>"; };
		294D7A571F9D016400D93C37 /* QBCheckmarkView.h */ = {isa = PBXFileReference; lastKnownFileType = sourcecode.c.h; path = QBCheckmarkView.h; sourceTree = "<group>"; };
		294D7A581F9D016400D93C37 /* QBItemCell.m */ = {isa = PBXFileReference; lastKnownFileType = sourcecode.c.objc; path = QBItemCell.m; sourceTree = "<group>"; };
		294D7A591F9D016400D93C37 /* QBImagePicker.h */ = {isa = PBXFileReference; lastKnownFileType = sourcecode.c.h; path = QBImagePicker.h; sourceTree = "<group>"; };
		294D7A5A1F9D016400D93C37 /* QBSlomoIconView.h */ = {isa = PBXFileReference; lastKnownFileType = sourcecode.c.h; path = QBSlomoIconView.h; sourceTree = "<group>"; };
		294D7A5B1F9D016400D93C37 /* QBAlbumCell.m */ = {isa = PBXFileReference; lastKnownFileType = sourcecode.c.objc; path = QBAlbumCell.m; sourceTree = "<group>"; };
		294D7A5C1F9D016400D93C37 /* QBVideoIndicatorView.h */ = {isa = PBXFileReference; lastKnownFileType = sourcecode.c.h; path = QBVideoIndicatorView.h; sourceTree = "<group>"; };
		294D7A5D1F9D016400D93C37 /* QBAlbumsViewController.m */ = {isa = PBXFileReference; lastKnownFileType = sourcecode.c.objc; path = QBAlbumsViewController.m; sourceTree = "<group>"; };
		294D7A5E1F9D016400D93C37 /* QBVideoIconView.h */ = {isa = PBXFileReference; lastKnownFileType = sourcecode.c.h; path = QBVideoIconView.h; sourceTree = "<group>"; };
		294D7A5F1F9D016400D93C37 /* QBAssetsViewController.m */ = {isa = PBXFileReference; lastKnownFileType = sourcecode.c.objc; path = QBAssetsViewController.m; sourceTree = "<group>"; };
		294D7A601F9D016400D93C37 /* QBImagePickerController.m */ = {isa = PBXFileReference; lastKnownFileType = sourcecode.c.objc; path = QBImagePickerController.m; sourceTree = "<group>"; };
		294D7A611F9D016400D93C37 /* QBItemViewController.m */ = {isa = PBXFileReference; lastKnownFileType = sourcecode.c.objc; path = QBItemViewController.m; sourceTree = "<group>"; };
		294D7A621F9D016400D93C37 /* QBItemCell.h */ = {isa = PBXFileReference; lastKnownFileType = sourcecode.c.h; path = QBItemCell.h; sourceTree = "<group>"; };
		294D7A631F9D016400D93C37 /* QBCheckmarkView.m */ = {isa = PBXFileReference; lastKnownFileType = sourcecode.c.objc; path = QBCheckmarkView.m; sourceTree = "<group>"; };
		294D7A641F9D016400D93C37 /* QBAlbumCell.h */ = {isa = PBXFileReference; lastKnownFileType = sourcecode.c.h; path = QBAlbumCell.h; sourceTree = "<group>"; };
		294D7A651F9D016400D93C37 /* Info.plist */ = {isa = PBXFileReference; lastKnownFileType = text.plist.xml; path = Info.plist; sourceTree = "<group>"; };
		294D7A661F9D016400D93C37 /* QBSlomoIconView.m */ = {isa = PBXFileReference; lastKnownFileType = sourcecode.c.objc; path = QBSlomoIconView.m; sourceTree = "<group>"; };
		294D7A681F9D016400D93C37 /* _OHQBImagePicker.h */ = {isa = PBXFileReference; lastKnownFileType = sourcecode.c.h; path = _OHQBImagePicker.h; sourceTree = "<group>"; };
		294D7A691F9D016400D93C37 /* _OHQBImagePicker.m */ = {isa = PBXFileReference; lastKnownFileType = sourcecode.c.objc; path = _OHQBImagePicker.m; sourceTree = "<group>"; };
		294D7A6B1F9D016400D93C37 /* QBImagePickerTests.m */ = {isa = PBXFileReference; lastKnownFileType = sourcecode.c.objc; path = QBImagePickerTests.m; sourceTree = "<group>"; };
		294D7A6C1F9D016400D93C37 /* Info.plist */ = {isa = PBXFileReference; lastKnownFileType = text.plist.xml; path = Info.plist; sourceTree = "<group>"; };
		298E902B1E8B2D9300C71777 /* libFujifilm_SPA_SDK_iOS.a */ = {isa = PBXFileReference; lastKnownFileType = archive.ar; path = libFujifilm_SPA_SDK_iOS.a; sourceTree = "<group>"; };
		29E581DE1E8411D700E54D0A /* Fujifilm_SPA_SDK_iOS_AppSwitch.h */ = {isa = PBXFileReference; fileEncoding = 4; lastKnownFileType = sourcecode.c.h; path = Fujifilm_SPA_SDK_iOS_AppSwitch.h; sourceTree = "<group>"; };
		29F5EAFD1C4BEEC800067F84 /* Fujifilm SDK.app */ = {isa = PBXFileReference; explicitFileType = wrapper.application; includeInIndex = 0; path = "Fujifilm SDK.app"; sourceTree = BUILT_PRODUCTS_DIR; };
		29F5EB011C4BEEC800067F84 /* main.m */ = {isa = PBXFileReference; lastKnownFileType = sourcecode.c.objc; path = main.m; sourceTree = "<group>"; };
		29F5EB031C4BEEC800067F84 /* AppDelegate.h */ = {isa = PBXFileReference; lastKnownFileType = sourcecode.c.h; path = AppDelegate.h; sourceTree = "<group>"; };
		29F5EB041C4BEEC800067F84 /* AppDelegate.m */ = {isa = PBXFileReference; lastKnownFileType = sourcecode.c.objc; path = AppDelegate.m; sourceTree = "<group>"; };
		29F5EB061C4BEEC800067F84 /* ViewController.h */ = {isa = PBXFileReference; lastKnownFileType = sourcecode.c.h; path = ViewController.h; sourceTree = "<group>"; };
		29F5EB071C4BEEC800067F84 /* ViewController.m */ = {isa = PBXFileReference; lastKnownFileType = sourcecode.c.objc; path = ViewController.m; sourceTree = "<group>"; };
		29F5EB0A1C4BEEC800067F84 /* Base */ = {isa = PBXFileReference; lastKnownFileType = file.storyboard; name = Base; path = Base.lproj/Main.storyboard; sourceTree = "<group>"; };
		29F5EB0C1C4BEEC800067F84 /* Assets.xcassets */ = {isa = PBXFileReference; lastKnownFileType = folder.assetcatalog; path = Assets.xcassets; sourceTree = "<group>"; };
		29F5EB0F1C4BEEC800067F84 /* Base */ = {isa = PBXFileReference; lastKnownFileType = file.storyboard; name = Base; path = Base.lproj/LaunchScreen.storyboard; sourceTree = "<group>"; };
		29F5EB111C4BEEC800067F84 /* Info.plist */ = {isa = PBXFileReference; lastKnownFileType = text.plist.xml; path = Info.plist; sourceTree = "<group>"; };
		29F5EC3E1C4C0ECE00067F84 /* Photos.framework */ = {isa = PBXFileReference; lastKnownFileType = wrapper.framework; name = Photos.framework; path = System/Library/Frameworks/Photos.framework; sourceTree = SDKROOT; };
		29F5EC401C4C0F0E00067F84 /* ImageIO.framework */ = {isa = PBXFileReference; lastKnownFileType = wrapper.framework; name = ImageIO.framework; path = System/Library/Frameworks/ImageIO.framework; sourceTree = SDKROOT; };
		29F5EC421C4C0F1700067F84 /* CoreGraphics.framework */ = {isa = PBXFileReference; lastKnownFileType = wrapper.framework; name = CoreGraphics.framework; path = System/Library/Frameworks/CoreGraphics.framework; sourceTree = SDKROOT; };
		29F5EC441C4C0F3800067F84 /* QuartzCore.framework */ = {isa = PBXFileReference; lastKnownFileType = wrapper.framework; name = QuartzCore.framework; path = System/Library/Frameworks/QuartzCore.framework; sourceTree = SDKROOT; };
		29F5EC461C4C0F4300067F84 /* AddressBook.framework */ = {isa = PBXFileReference; lastKnownFileType = wrapper.framework; name = AddressBook.framework; path = System/Library/Frameworks/AddressBook.framework; sourceTree = SDKROOT; };
		29F5EC471C4C0F4300067F84 /* AddressBookUI.framework */ = {isa = PBXFileReference; lastKnownFileType = wrapper.framework; name = AddressBookUI.framework; path = System/Library/Frameworks/AddressBookUI.framework; sourceTree = SDKROOT; };
		29F5EC4A1C4C0F5000067F84 /* AssetsLibrary.framework */ = {isa = PBXFileReference; lastKnownFileType = wrapper.framework; name = AssetsLibrary.framework; path = System/Library/Frameworks/AssetsLibrary.framework; sourceTree = SDKROOT; };
		29F5EC4C1C4C0F8000067F84 /* MobileCoreServices.framework */ = {isa = PBXFileReference; lastKnownFileType = wrapper.framework; name = MobileCoreServices.framework; path = System/Library/Frameworks/MobileCoreServices.framework; sourceTree = SDKROOT; };
		29F5EC4E1C4C0F8D00067F84 /* SystemConfiguration.framework */ = {isa = PBXFileReference; lastKnownFileType = wrapper.framework; name = SystemConfiguration.framework; path = System/Library/Frameworks/SystemConfiguration.framework; sourceTree = SDKROOT; };
		29F5EC501C4C0F9500067F84 /* UIKit.framework */ = {isa = PBXFileReference; lastKnownFileType = wrapper.framework; name = UIKit.framework; path = System/Library/Frameworks/UIKit.framework; sourceTree = SDKROOT; };
		29F5EC521C4C0F9C00067F84 /* Foundation.framework */ = {isa = PBXFileReference; lastKnownFileType = wrapper.framework; name = Foundation.framework; path = System/Library/Frameworks/Foundation.framework; sourceTree = SDKROOT; };
		29F5EC5B1C4D535900067F84 /* Fujifilm.SPA.SDK.h */ = {isa = PBXFileReference; fileEncoding = 4; lastKnownFileType = sourcecode.c.h; path = Fujifilm.SPA.SDK.h; sourceTree = "<group>"; };
		4CF45CCF1E7996A90083734F /* Accelerate.framework */ = {isa = PBXFileReference; lastKnownFileType = wrapper.framework; name = Accelerate.framework; path = System/Library/Frameworks/Accelerate.framework; sourceTree = SDKROOT; };
		4CF45CD01E7996A90083734F /* AudioToolbox.framework */ = {isa = PBXFileReference; lastKnownFileType = wrapper.framework; name = AudioToolbox.framework; path = System/Library/Frameworks/AudioToolbox.framework; sourceTree = SDKROOT; };
		4CF45CD11E7996A90083734F /* AVFoundation.framework */ = {isa = PBXFileReference; lastKnownFileType = wrapper.framework; name = AVFoundation.framework; path = System/Library/Frameworks/AVFoundation.framework; sourceTree = SDKROOT; };
		4CF45CD21E7996A90083734F /* CoreMedia.framework */ = {isa = PBXFileReference; lastKnownFileType = wrapper.framework; name = CoreMedia.framework; path = System/Library/Frameworks/CoreMedia.framework; sourceTree = SDKROOT; };
		BAFF73EC1F7063FD002D34A6 /* libPods-Fujifilm_SPA_SDK_iOS_DemoApp.a */ = {isa = PBXFileReference; lastKnownFileType = archive.ar; name = "libPods-Fujifilm_SPA_SDK_iOS_DemoApp.a"; path = "/Users/sfriedman/Documents/MobileDev/Mobile/SPA.MobileWeb/trunk/iOSSDK/Pods/../build/Debug-iphoneos/libPods-Fujifilm_SPA_SDK_iOS_DemoApp.a"; sourceTree = "<absolute>"; };
/* End PBXFileReference section */

/* Begin PBXFrameworksBuildPhase section */
		29F5EAFA1C4BEEC800067F84 /* Frameworks */ = {
			isa = PBXFrameworksBuildPhase;
			buildActionMask = 2147483647;
			files = (
				4CF45CD31E7996A90083734F /* Accelerate.framework in Frameworks */,
				4CF45CD41E7996A90083734F /* AudioToolbox.framework in Frameworks */,
				4CF45CD51E7996A90083734F /* AVFoundation.framework in Frameworks */,
				298E902C1E8B2D9300C71777 /* libFujifilm_SPA_SDK_iOS.a in Frameworks */,
				4CF45CD61E7996A90083734F /* CoreMedia.framework in Frameworks */,
				29F5EC511C4C0F9500067F84 /* UIKit.framework in Frameworks */,
				29F5EC531C4C0F9C00067F84 /* Foundation.framework in Frameworks */,
				29F5EC4F1C4C0F8D00067F84 /* SystemConfiguration.framework in Frameworks */,
				29F5EC4D1C4C0F8000067F84 /* MobileCoreServices.framework in Frameworks */,
				29F5EC4B1C4C0F5000067F84 /* AssetsLibrary.framework in Frameworks */,
				29F5EC481C4C0F4300067F84 /* AddressBook.framework in Frameworks */,
				29F5EC491C4C0F4300067F84 /* AddressBookUI.framework in Frameworks */,
				29F5EC451C4C0F3800067F84 /* QuartzCore.framework in Frameworks */,
				29F5EC431C4C0F1700067F84 /* CoreGraphics.framework in Frameworks */,
				29F5EC411C4C0F0E00067F84 /* ImageIO.framework in Frameworks */,
				29F5EC3F1C4C0ECE00067F84 /* Photos.framework in Frameworks */,
			);
			runOnlyForDeploymentPostprocessing = 0;
		};
/* End PBXFrameworksBuildPhase section */

/* Begin PBXGroup section */
		294D7A081F9D013600D93C37 /* QBImagePicker */ = {
			isa = PBXGroup;
			children = (
				294D7A671F9D016400D93C37 /* _OHQBImagePicker */,
				294D7A4D1F9D016400D93C37 /* lib_OHQBImagePicker */,
				294D7A4C1F9D016400D93C37 /* LICENSE */,
				294D7A501F9D016400D93C37 /* OHQBImagePicker */,
				294D7A3F1F9D016400D93C37 /* OHQBImagePicker.podspec */,
				294D7A401F9D016400D93C37 /* OHQBImagePickerDemo */,
				294D7A3B1F9D016400D93C37 /* OHQBImagePickerDemoTests */,
				294D7A6A1F9D016400D93C37 /* OHQBImagePickerTests */,
				294D7A3E1F9D016400D93C37 /* README.md */,
			);
			path = QBImagePicker;
			sourceTree = "<group>";
		};
		294D7A3B1F9D016400D93C37 /* OHQBImagePickerDemoTests */ = {
			isa = PBXGroup;
			children = (
				294D7A3C1F9D016400D93C37 /* QBImagePickerDemoTests.m */,
				294D7A3D1F9D016400D93C37 /* Info.plist */,
			);
			path = OHQBImagePickerDemoTests;
			sourceTree = "<group>";
		};
		294D7A401F9D016400D93C37 /* OHQBImagePickerDemo */ = {
			isa = PBXGroup;
			children = (
				294D7A411F9D016400D93C37 /* AppDelegate.h */,
				294D7A421F9D016400D93C37 /* ViewController.m */,
				294D7A431F9D016400D93C37 /* LaunchScreen.xib */,
				294D7A451F9D016400D93C37 /* Main.storyboard */,
				294D7A471F9D016400D93C37 /* main.m */,
				294D7A481F9D016400D93C37 /* Images.xcassets */,
				294D7A491F9D016400D93C37 /* AppDelegate.m */,
				294D7A4A1F9D016400D93C37 /* Info.plist */,
				294D7A4B1F9D016400D93C37 /* ViewController.h */,
			);
			path = OHQBImagePickerDemo;
			sourceTree = "<group>";
		};
		294D7A4D1F9D016400D93C37 /* lib_OHQBImagePicker */ = {
			isa = PBXGroup;
			children = (
				294D7A4E1F9D016400D93C37 /* lib_OHQBImagePicker.h */,
				294D7A4F1F9D016400D93C37 /* lib_OHQBImagePicker.m */,
			);
			path = lib_OHQBImagePicker;
			sourceTree = "<group>";
		};
		294D7A501F9D016400D93C37 /* OHQBImagePicker */ = {
			isa = PBXGroup;
			children = (
				294D7A511F9D016400D93C37 /* QBItemViewController.h */,
				294D7A521F9D016400D93C37 /* QBImagePickerController.h */,
				294D7A531F9D016400D93C37 /* QBAssetsViewController.h */,
				294D7A541F9D016400D93C37 /* QBAlbumsViewController.h */,
				294D7A551F9D016400D93C37 /* QBVideoIconView.m */,
				294D7A561F9D016400D93C37 /* QBVideoIndicatorView.m */,
				294D7A571F9D016400D93C37 /* QBCheckmarkView.h */,
				294D7A581F9D016400D93C37 /* QBItemCell.m */,
				294D7A591F9D016400D93C37 /* QBImagePicker.h */,
				294D7A5A1F9D016400D93C37 /* QBSlomoIconView.h */,
				294D7A5B1F9D016400D93C37 /* QBAlbumCell.m */,
				294D7A5C1F9D016400D93C37 /* QBVideoIndicatorView.h */,
				294D7A5D1F9D016400D93C37 /* QBAlbumsViewController.m */,
				294D7A5E1F9D016400D93C37 /* QBVideoIconView.h */,
				294D7A5F1F9D016400D93C37 /* QBAssetsViewController.m */,
				294D7A601F9D016400D93C37 /* QBImagePickerController.m */,
				294D7A611F9D016400D93C37 /* QBItemViewController.m */,
				294D7A621F9D016400D93C37 /* QBItemCell.h */,
				294D7A631F9D016400D93C37 /* QBCheckmarkView.m */,
				294D7A641F9D016400D93C37 /* QBAlbumCell.h */,
				294D7A651F9D016400D93C37 /* Info.plist */,
				294D7A661F9D016400D93C37 /* QBSlomoIconView.m */,
			);
			path = OHQBImagePicker;
			sourceTree = "<group>";
		};
		294D7A671F9D016400D93C37 /* _OHQBImagePicker */ = {
			isa = PBXGroup;
			children = (
				294D7A681F9D016400D93C37 /* _OHQBImagePicker.h */,
				294D7A691F9D016400D93C37 /* _OHQBImagePicker.m */,
			);
			path = _OHQBImagePicker;
			sourceTree = "<group>";
		};
		294D7A6A1F9D016400D93C37 /* OHQBImagePickerTests */ = {
			isa = PBXGroup;
			children = (
				294D7A6B1F9D016400D93C37 /* QBImagePickerTests.m */,
				294D7A6C1F9D016400D93C37 /* Info.plist */,
			);
			path = OHQBImagePickerTests;
			sourceTree = "<group>";
		};
		29F5EAF41C4BEEC800067F84 = {
			isa = PBXGroup;
			children = (
				29F5EAFF1C4BEEC800067F84 /* Fujifilm_SPA_SDK_iOS_DemoApp */,
				29F5EAFE1C4BEEC800067F84 /* Products */,
				29F5EC541C4C102B00067F84 /* Frameworks */,
			);
			sourceTree = "<group>";
		};
		29F5EAFE1C4BEEC800067F84 /* Products */ = {
			isa = PBXGroup;
			children = (
				29F5EAFD1C4BEEC800067F84 /* Fujifilm SDK.app */,
			);
			name = Products;
			sourceTree = "<group>";
		};
		29F5EAFF1C4BEEC800067F84 /* Fujifilm_SPA_SDK_iOS_DemoApp */ = {
			isa = PBXGroup;
			children = (
				29F5EB8A1C4C028500067F84 /* Lib */,
				29F5EB031C4BEEC800067F84 /* AppDelegate.h */,
				29F5EB041C4BEEC800067F84 /* AppDelegate.m */,
				29F5EB061C4BEEC800067F84 /* ViewController.h */,
				29F5EB071C4BEEC800067F84 /* ViewController.m */,
				2289DD2F1CB401AF00F58D8E /* SettingsViewController.h */,
				2289DD301CB401AF00F58D8E /* SettingsViewController.m */,
				29F5EB091C4BEEC800067F84 /* Main.storyboard */,
				29F5EB0C1C4BEEC800067F84 /* Assets.xcassets */,
				29F5EB0E1C4BEEC800067F84 /* LaunchScreen.storyboard */,
				29F5EB111C4BEEC800067F84 /* Info.plist */,
				29F5EB001C4BEEC800067F84 /* Supporting Files */,
			);
			path = Fujifilm_SPA_SDK_iOS_DemoApp;
			sourceTree = "<group>";
		};
		29F5EB001C4BEEC800067F84 /* Supporting Files */ = {
			isa = PBXGroup;
			children = (
				29F5EB011C4BEEC800067F84 /* main.m */,
			);
			name = "Supporting Files";
			sourceTree = "<group>";
		};
		29F5EB8A1C4C028500067F84 /* Lib */ = {
			isa = PBXGroup;
			children = (
				294D7A081F9D013600D93C37 /* QBImagePicker */,
				29F5EC551C4C1D4B00067F84 /* Fujifilm_SPA_SDK_iOS */,
			);
			name = Lib;
			sourceTree = "<group>";
		};
		29F5EC541C4C102B00067F84 /* Frameworks */ = {
			isa = PBXGroup;
			children = (
				BAFF73EC1F7063FD002D34A6 /* libPods-Fujifilm_SPA_SDK_iOS_DemoApp.a */,
				4CF45CCF1E7996A90083734F /* Accelerate.framework */,
				4CF45CD01E7996A90083734F /* AudioToolbox.framework */,
				4CF45CD11E7996A90083734F /* AVFoundation.framework */,
				4CF45CD21E7996A90083734F /* CoreMedia.framework */,
				29F5EC521C4C0F9C00067F84 /* Foundation.framework */,
				29F5EC501C4C0F9500067F84 /* UIKit.framework */,
				29F5EC4E1C4C0F8D00067F84 /* SystemConfiguration.framework */,
				29F5EC4C1C4C0F8000067F84 /* MobileCoreServices.framework */,
				29F5EC4A1C4C0F5000067F84 /* AssetsLibrary.framework */,
				29F5EC461C4C0F4300067F84 /* AddressBook.framework */,
				29F5EC471C4C0F4300067F84 /* AddressBookUI.framework */,
				29F5EC441C4C0F3800067F84 /* QuartzCore.framework */,
				29F5EC421C4C0F1700067F84 /* CoreGraphics.framework */,
				29F5EC401C4C0F0E00067F84 /* ImageIO.framework */,
				29F5EC3E1C4C0ECE00067F84 /* Photos.framework */,
			);
			name = Frameworks;
			sourceTree = "<group>";
		};
		29F5EC551C4C1D4B00067F84 /* Fujifilm_SPA_SDK_iOS */ = {
			isa = PBXGroup;
			children = (
				298E902B1E8B2D9300C71777 /* libFujifilm_SPA_SDK_iOS.a */,
				29E581DE1E8411D700E54D0A /* Fujifilm_SPA_SDK_iOS_AppSwitch.h */,
				29F5EC5B1C4D535900067F84 /* Fujifilm.SPA.SDK.h */,
			);
			name = Fujifilm_SPA_SDK_iOS;
			sourceTree = "<group>";
		};
/* End PBXGroup section */

/* Begin PBXNativeTarget section */
		29F5EAFC1C4BEEC800067F84 /* Fujifilm_SPA_SDK_iOS_DemoApp */ = {
			isa = PBXNativeTarget;
			buildConfigurationList = 29F5EB141C4BEEC800067F84 /* Build configuration list for PBXNativeTarget "Fujifilm_SPA_SDK_iOS_DemoApp" */;
			buildPhases = (
				29F5EAF91C4BEEC800067F84 /* Sources */,
				29F5EAFA1C4BEEC800067F84 /* Frameworks */,
				29F5EAFB1C4BEEC800067F84 /* Resources */,
				2946B8991CB5CD2100825D49 /* ShellScript */,
				2946B89A1CB5CD5500825D49 /* ShellScript */,
				BA3D603D1F69B5AF00E12CBE /* Embed Frameworks */,
			);
			buildRules = (
			);
			dependencies = (
			);
			name = Fujifilm_SPA_SDK_iOS_DemoApp;
			productName = Fujifilm_SPA_SDK_iOS_DemoApp;
			productReference = 29F5EAFD1C4BEEC800067F84 /* Fujifilm SDK.app */;
			productType = "com.apple.product-type.application";
		};
/* End PBXNativeTarget section */

/* Begin PBXProject section */
		29F5EAF51C4BEEC800067F84 /* Project object */ = {
			isa = PBXProject;
			attributes = {
				LastUpgradeCheck = 0720;
				ORGANIZATIONNAME = "___Fujifilm___";
				TargetAttributes = {
					29F5EAFC1C4BEEC800067F84 = {
						CreatedOnToolsVersion = 7.2;
						DevelopmentTeam = 8742Z6479L;
					};
				};
			};
			buildConfigurationList = 29F5EAF81C4BEEC800067F84 /* Build configuration list for PBXProject "Fujifilm_SPA_SDK_iOS_DemoApp" */;
			compatibilityVersion = "Xcode 3.2";
			developmentRegion = English;
			hasScannedForEncodings = 0;
			knownRegions = (
				en,
				Base,
			);
			mainGroup = 29F5EAF41C4BEEC800067F84;
			productRefGroup = 29F5EAFE1C4BEEC800067F84 /* Products */;
			projectDirPath = "";
			projectRoot = "";
			targets = (
				29F5EAFC1C4BEEC800067F84 /* Fujifilm_SPA_SDK_iOS_DemoApp */,
			);
		};
/* End PBXProject section */

/* Begin PBXResourcesBuildPhase section */
		29F5EAFB1C4BEEC800067F84 /* Resources */ = {
			isa = PBXResourcesBuildPhase;
			buildActionMask = 2147483647;
			files = (
				29F5EB101C4BEEC800067F84 /* LaunchScreen.storyboard in Resources */,
				29F5EB0D1C4BEEC800067F84 /* Assets.xcassets in Resources */,
				29F5EB0B1C4BEEC800067F84 /* Main.storyboard in Resources */,
			);
			runOnlyForDeploymentPostprocessing = 0;
		};
/* End PBXResourcesBuildPhase section */

/* Begin PBXShellScriptBuildPhase section */
		2946B8991CB5CD2100825D49 /* ShellScript */ = {
			isa = PBXShellScriptBuildPhase;
			buildActionMask = 8;
			files = (
			);
			inputPaths = (
			);
			outputPaths = (
			);
			runOnlyForDeploymentPostprocessing = 1;
			shellPath = /bin/sh;
			shellScript = "# xcode-version-bump.sh\n# @desc Auto-increment the version number (only) when a project is archived for export.\n# @usage\n# 1. Select: your Target in Xcode\n# 2. Select: Build Phases Tab\n# 3. Select: Add Build Phase -> Add Run Script\n# 4. Paste code below in to new \"Run Script\" section\n# 5. Check the checkbox \"Run script only when installing\"\n# 6. Drag the \"Run Script\" below \"Link Binaries With Libraries\"\n# 7. Insure your starting version number is in SemVer format (e.g. 1.0.0)\n\n# This splits a two-decimal version string, such as \"0.45.123\", allowing us to increment the third position.\nVERSIONNUM=$(/usr/libexec/PlistBuddy -c \"Print CFBundleShortVersionString\" \"${PROJECT_DIR}/${INFOPLIST_FILE}\")\nNEWSUBVERSION=`echo $VERSIONNUM | awk -F \".\" '{print $3}'`\nNEWSUBVERSION=$(($NEWSUBVERSION + 1))\nNEWVERSIONSTRING=`echo $VERSIONNUM | awk -F \".\" '{print $1 \".\" $2 \".'$NEWSUBVERSION'\" }'`\n/usr/libexec/PlistBuddy -c \"Set :CFBundleShortVersionString $NEWVERSIONSTRING\" \"${PROJECT_DIR}/${INFOPLIST_FILE}\"";
		};
		2946B89A1CB5CD5500825D49 /* ShellScript */ = {
			isa = PBXShellScriptBuildPhase;
			buildActionMask = 2147483647;
			files = (
			);
			inputPaths = (
			);
			outputPaths = (
			);
			runOnlyForDeploymentPostprocessing = 0;
			shellPath = /bin/sh;
			shellScript = "# xcode-build-bump.sh\n# @desc Auto-increment the build number every time the project is run.\n# @usage\n# 1. Select: your Target in Xcode\n# 2. Select: Build Phases Tab\n# 3. Select: Add Build Phase -> Add Run Script\n# 4. Paste code below in to new \"Run Script\" section\n# 5. Drag the \"Run Script\" below \"Link Binaries With Libraries\"\n# 6. Insure that your starting build number is set to a whole integer and not a float (e.g. 1, not 1.0)\n\nbuildNumber=$(/usr/libexec/PlistBuddy -c \"Print CFBundleVersion\" \"${PROJECT_DIR}/${INFOPLIST_FILE}\")\nbuildNumber=$(($buildNumber + 1))\n/usr/libexec/PlistBuddy -c \"Set :CFBundleVersion $buildNumber\" \"${PROJECT_DIR}/${INFOPLIST_FILE}\"";
		};
/* End PBXShellScriptBuildPhase section */

/* Begin PBXSourcesBuildPhase section */
		29F5EAF91C4BEEC800067F84 /* Sources */ = {
			isa = PBXSourcesBuildPhase;
			buildActionMask = 2147483647;
			files = (
				292BACCA2190D49700ADB3B5 /* QBAssetsViewController.m in Sources */,
				292BACCB2190D49700ADB3B5 /* QBImagePickerController.m in Sources */,
				29F5EB081C4BEEC800067F84 /* ViewController.m in Sources */,
				292BACC72190D49700ADB3B5 /* QBItemCell.m in Sources */,
				292BACC62190D49700ADB3B5 /* QBVideoIndicatorView.m in Sources */,
				292BACCD2190D49700ADB3B5 /* QBCheckmarkView.m in Sources */,
				29F5EB051C4BEEC800067F84 /* AppDelegate.m in Sources */,
				292BACC92190D49700ADB3B5 /* QBAlbumsViewController.m in Sources */,
				292BACC82190D49700ADB3B5 /* QBAlbumCell.m in Sources */,
				292BACC52190D49700ADB3B5 /* QBVideoIconView.m in Sources */,
				29F5EB021C4BEEC800067F84 /* main.m in Sources */,
				292BACCE2190D49700ADB3B5 /* QBSlomoIconView.m in Sources */,
				292BACCC2190D49700ADB3B5 /* QBItemViewController.m in Sources */,
				2289DD311CB401AF00F58D8E /* SettingsViewController.m in Sources */,
			);
			runOnlyForDeploymentPostprocessing = 0;
		};
/* End PBXSourcesBuildPhase section */

/* Begin PBXVariantGroup section */
		294D7A431F9D016400D93C37 /* LaunchScreen.xib */ = {
			isa = PBXVariantGroup;
			children = (
				294D7A441F9D016400D93C37 /* Base */,
			);
			name = LaunchScreen.xib;
			sourceTree = "<group>";
		};
		294D7A451F9D016400D93C37 /* Main.storyboard */ = {
			isa = PBXVariantGroup;
			children = (
				294D7A461F9D016400D93C37 /* Base */,
			);
			name = Main.storyboard;
			sourceTree = "<group>";
		};
		29F5EB091C4BEEC800067F84 /* Main.storyboard */ = {
			isa = PBXVariantGroup;
			children = (
				29F5EB0A1C4BEEC800067F84 /* Base */,
			);
			name = Main.storyboard;
			sourceTree = "<group>";
		};
		29F5EB0E1C4BEEC800067F84 /* LaunchScreen.storyboard */ = {
			isa = PBXVariantGroup;
			children = (
				29F5EB0F1C4BEEC800067F84 /* Base */,
			);
			name = LaunchScreen.storyboard;
			sourceTree = "<group>";
		};
/* End PBXVariantGroup section */

/* Begin XCBuildConfiguration section */
		29F5EB121C4BEEC800067F84 /* Debug */ = {
			isa = XCBuildConfiguration;
			buildSettings = {
				ALWAYS_SEARCH_USER_PATHS = NO;
				CLANG_CXX_LANGUAGE_STANDARD = "gnu++0x";
				CLANG_CXX_LIBRARY = "libc++";
				CLANG_ENABLE_MODULES = YES;
				CLANG_ENABLE_OBJC_ARC = YES;
				CLANG_WARN_BOOL_CONVERSION = YES;
				CLANG_WARN_CONSTANT_CONVERSION = YES;
				CLANG_WARN_DIRECT_OBJC_ISA_USAGE = YES_ERROR;
				CLANG_WARN_EMPTY_BODY = YES;
				CLANG_WARN_ENUM_CONVERSION = YES;
				CLANG_WARN_INT_CONVERSION = YES;
				CLANG_WARN_OBJC_ROOT_CLASS = YES_ERROR;
				CLANG_WARN_UNREACHABLE_CODE = YES;
				CLANG_WARN__DUPLICATE_METHOD_MATCH = YES;
				CODE_SIGN_IDENTITY = "iPhone Developer";
				"CODE_SIGN_IDENTITY[sdk=iphoneos*]" = "iPhone Developer";
				COPY_PHASE_STRIP = NO;
				DEBUG_INFORMATION_FORMAT = dwarf;
				ENABLE_STRICT_OBJC_MSGSEND = YES;
				ENABLE_TESTABILITY = YES;
				GCC_C_LANGUAGE_STANDARD = gnu99;
				GCC_DYNAMIC_NO_PIC = NO;
				GCC_NO_COMMON_BLOCKS = YES;
				GCC_OPTIMIZATION_LEVEL = 0;
				GCC_PREPROCESSOR_DEFINITIONS = (
					"DEBUG=1",
					"$(inherited)",
				);
				GCC_WARN_64_TO_32_BIT_CONVERSION = YES;
				GCC_WARN_ABOUT_RETURN_TYPE = YES_ERROR;
				GCC_WARN_UNDECLARED_SELECTOR = YES;
				GCC_WARN_UNINITIALIZED_AUTOS = YES_AGGRESSIVE;
				GCC_WARN_UNUSED_FUNCTION = YES;
				GCC_WARN_UNUSED_VARIABLE = YES;
				IPHONEOS_DEPLOYMENT_TARGET = 8.0;
				MTL_ENABLE_DEBUG_INFO = YES;
				ONLY_ACTIVE_ARCH = YES;
				PROVISIONING_PROFILE = "39bb905f-feea-40e4-a5f2-c8bf751c712f";
				SDKROOT = iphoneos;
				TARGETED_DEVICE_FAMILY = "1,2";
			};
			name = Debug;
		};
		29F5EB131C4BEEC800067F84 /* Release */ = {
			isa = XCBuildConfiguration;
			buildSettings = {
				ALWAYS_SEARCH_USER_PATHS = NO;
				CLANG_CXX_LANGUAGE_STANDARD = "gnu++0x";
				CLANG_CXX_LIBRARY = "libc++";
				CLANG_ENABLE_MODULES = YES;
				CLANG_ENABLE_OBJC_ARC = YES;
				CLANG_WARN_BOOL_CONVERSION = YES;
				CLANG_WARN_CONSTANT_CONVERSION = YES;
				CLANG_WARN_DIRECT_OBJC_ISA_USAGE = YES_ERROR;
				CLANG_WARN_EMPTY_BODY = YES;
				CLANG_WARN_ENUM_CONVERSION = YES;
				CLANG_WARN_INT_CONVERSION = YES;
				CLANG_WARN_OBJC_ROOT_CLASS = YES_ERROR;
				CLANG_WARN_UNREACHABLE_CODE = YES;
				CLANG_WARN__DUPLICATE_METHOD_MATCH = YES;
				CODE_SIGN_IDENTITY = "iPhone Distribution: FUJIFILM North America Corporation (8742Z6479L)";
				"CODE_SIGN_IDENTITY[sdk=iphoneos*]" = "iPhone Distribution: FUJIFILM North America Corporation (8742Z6479L)";
				COPY_PHASE_STRIP = NO;
				DEBUG_INFORMATION_FORMAT = "dwarf-with-dsym";
				ENABLE_NS_ASSERTIONS = NO;
				ENABLE_STRICT_OBJC_MSGSEND = YES;
				GCC_C_LANGUAGE_STANDARD = gnu99;
				GCC_NO_COMMON_BLOCKS = YES;
				GCC_WARN_64_TO_32_BIT_CONVERSION = YES;
				GCC_WARN_ABOUT_RETURN_TYPE = YES_ERROR;
				GCC_WARN_UNDECLARED_SELECTOR = YES;
				GCC_WARN_UNINITIALIZED_AUTOS = YES_AGGRESSIVE;
				GCC_WARN_UNUSED_FUNCTION = YES;
				GCC_WARN_UNUSED_VARIABLE = YES;
				IPHONEOS_DEPLOYMENT_TARGET = 8.0;
				MTL_ENABLE_DEBUG_INFO = NO;
				PROVISIONING_PROFILE = "39bb905f-feea-40e4-a5f2-c8bf751c712f";
				SDKROOT = iphoneos;
				TARGETED_DEVICE_FAMILY = "1,2";
				VALIDATE_PRODUCT = YES;
			};
			name = Release;
		};
		29F5EB151C4BEEC800067F84 /* Debug */ = {
			isa = XCBuildConfiguration;
			buildSettings = {
				ASSETCATALOG_COMPILER_APPICON_NAME = AppIcon;
				CODE_SIGN_IDENTITY = "iPhone Developer";
				"CODE_SIGN_IDENTITY[sdk=iphoneos*]" = "iPhone Developer";
				DEVELOPMENT_TEAM = 8742Z6479L;
				INFOPLIST_FILE = Fujifilm_SPA_SDK_iOS_DemoApp/Info.plist;
				IPHONEOS_DEPLOYMENT_TARGET = 8.0;
				LD_RUNPATH_SEARCH_PATHS = "$(inherited) @executable_path/Frameworks";
				LIBRARY_SEARCH_PATHS = (
					"$(inherited)",
					"$(PROJECT_DIR)/Fujifilm_SPA_SDK_iOS_DemoApp",
				);
				ONLY_ACTIVE_ARCH = NO;
				OTHER_LDFLAGS = (
					"$(inherited)",
					"-ObjC",
					"-lc++",
				);
				PRODUCT_BUNDLE_IDENTIFIER = com.fujifilm.spa.sdk.sample;
				PRODUCT_NAME = "Fujifilm SDK";
				PROVISIONING_PROFILE = "";
				VALID_ARCHS = "arm64 armv7 armv7s";
				VERSIONING_SYSTEM = "";
			};
			name = Debug;
		};
		29F5EB161C4BEEC800067F84 /* Release */ = {
			isa = XCBuildConfiguration;
			buildSettings = {
				ASSETCATALOG_COMPILER_APPICON_NAME = AppIcon;
				CODE_SIGN_IDENTITY = "iPhone Developer";
				"CODE_SIGN_IDENTITY[sdk=iphoneos*]" = "iPhone Developer";
				DEVELOPMENT_TEAM = 8742Z6479L;
				INFOPLIST_FILE = Fujifilm_SPA_SDK_iOS_DemoApp/Info.plist;
				IPHONEOS_DEPLOYMENT_TARGET = 8.0;
				LD_RUNPATH_SEARCH_PATHS = "$(inherited) @executable_path/Frameworks";
				LIBRARY_SEARCH_PATHS = (
					"$(inherited)",
					"$(PROJECT_DIR)/Fujifilm_SPA_SDK_iOS_DemoApp",
				);
				OTHER_LDFLAGS = (
					"$(inherited)",
					"-ObjC",
					"-lc++",
				);
				PRODUCT_BUNDLE_IDENTIFIER = com.fujifilm.spa.sdk.sample;
				PRODUCT_NAME = "Fujifilm SDK";
				PROVISIONING_PROFILE = "";
				VALID_ARCHS = "arm64 armv7 armv7s";
				VERSIONING_SYSTEM = "";
			};
			name = Release;
		};
/* End XCBuildConfiguration section */

/* Begin XCConfigurationList section */
		29F5EAF81C4BEEC800067F84 /* Build configuration list for PBXProject "Fujifilm_SPA_SDK_iOS_DemoApp" */ = {
			isa = XCConfigurationList;
			buildConfigurations = (
				29F5EB121C4BEEC800067F84 /* Debug */,
				29F5EB131C4BEEC800067F84 /* Release */,
			);
			defaultConfigurationIsVisible = 0;
			defaultConfigurationName = Release;
		};
		29F5EB141C4BEEC800067F84 /* Build configuration list for PBXNativeTarget "Fujifilm_SPA_SDK_iOS_DemoApp" */ = {
			isa = XCConfigurationList;
			buildConfigurations = (
				29F5EB151C4BEEC800067F84 /* Debug */,
				29F5EB161C4BEEC800067F84 /* Release */,
			);
			defaultConfigurationIsVisible = 0;
			defaultConfigurationName = Release;
		};
/* End XCConfigurationList section */
	};
	rootObject = 29F5EAF51C4BEEC800067F84 /* Project object */;
}
